{
  "name": "webdesigner_core",
  "version": "1.0.0",
  "lockfileVersion": 3,
  "requires": true,
  "packages": {
    "": {
      "name": "webdesigner_core",
      "version": "1.0.0",
      "license": "ISC",
      "dependencies": {
        "@grapecity/ar-designer": "^17.2.2",
        "@grapecity/ar-viewer": "^17.2.2"
      }
    },
    "node_modules/@grapecity/ar-designer": {
      "version": "17.2.2",
      "resolved": "https://registry.npmjs.org/@grapecity/ar-designer/-/ar-designer-17.2.2.tgz",
      "integrity": "sha512-qBPSvIM937ErRzGzF0Ps/hbxMDWQuKhTKECEjU35/GSVbPkA0YmfovryniCtv4liSyGAjT41LP7FVqxpPEnW0A=="
    },
    "node_modules/@grapecity/ar-viewer": {
      "version": "17.2.2",
      "resolved": "https://registry.npmjs.org/@grapecity/ar-viewer/-/ar-viewer-17.2.2.tgz",
      "integrity": "sha512-+9iBpu0Ja+O7RMYUeooZgZ9cgAIfAxi59pKnc5Jv405ASg2EGJgdKY5BNn/mRJ/GdKQsQ1l/hUJrE8lupXl3Cw=="
    }
  }
}
